// !$*UTF8*$!
{
	archiveVersion = 1;
	classes = {
	};
	objectVersion = 46;
	objects = {

/* Begin PBXBuildFile section */
		3CFCC5A01B6154BC0048956C /* main.m in Sources */ = {isa = PBXBuildFile; fileRef = 3CFCC59F1B6154BC0048956C /* main.m */; };
		3CFCC5A31B6154BC0048956C /* AppDelegate.m in Sources */ = {isa = PBXBuildFile; fileRef = 3CFCC5A21B6154BC0048956C /* AppDelegate.m */; };
		3CFCC5A61B6154BC0048956C /* MasterViewController.m in Sources */ = {isa = PBXBuildFile; fileRef = 3CFCC5A51B6154BC0048956C /* MasterViewController.m */; };
		3CFCC5A91B6154BC0048956C /* DetailViewController.m in Sources */ = {isa = PBXBuildFile; fileRef = 3CFCC5A81B6154BC0048956C /* DetailViewController.m */; };
		3CFCC5AC1B6154BC0048956C /* Main.storyboard in Resources */ = {isa = PBXBuildFile; fileRef = 3CFCC5AA1B6154BC0048956C /* Main.storyboard */; };
		3CFCC5AE1B6154BC0048956C /* Images.xcassets in Resources */ = {isa = PBXBuildFile; fileRef = 3CFCC5AD1B6154BC0048956C /* Images.xcassets */; };
		3CFCC5B11B6154BC0048956C /* LaunchScreen.xib in Resources */ = {isa = PBXBuildFile; fileRef = 3CFCC5AF1B6154BC0048956C /* LaunchScreen.xib */; };
		3CFCC5BD1B6154BC0048956C /* BlogReaderTests.m in Sources */ = {isa = PBXBuildFile; fileRef = 3CFCC5BC1B6154BC0048956C /* BlogReaderTests.m */; };
/* End PBXBuildFile section */

/* Begin PBXContainerItemProxy section */
		3CFCC5B71B6154BC0048956C /* PBXContainerItemProxy */ = {
			isa = PBXContainerItemProxy;
			containerPortal = 3CFCC5921B6154BC0048956C /* Project object */;
			proxyType = 1;
			remoteGlobalIDString = 3CFCC5991B6154BC0048956C;
			remoteInfo = BlogReader;
		};
/* End PBXContainerItemProxy section */

/* Begin PBXFileReference section */
		3CFCC59A1B6154BC0048956C /* BlogReader.app */ = {isa = PBXFileReference; explicitFileType = wrapper.application; includeInIndex = 0; path = BlogReader.app; sourceTree = BUILT_PRODUCTS_DIR; };
		3CFCC59E1B6154BC0048956C /* Info.plist */ = {isa = PBXFileReference; lastKnownFileType = text.plist.xml; path = Info.plist; sourceTree = "<group>"; };
		3CFCC59F1B6154BC0048956C /* main.m */ = {isa = PBXFileReference; lastKnownFileType = sourcecode.c.objc; path = main.m; sourceTree = "<group>"; };
		3CFCC5A11B6154BC0048956C /* AppDelegate.h */ = {isa = PBXFileReference; lastKnownFileType = sourcecode.c.h; path = AppDelegate.h; sourceTree = "<group>"; };
		3CFCC5A21B6154BC0048956C /* AppDelegate.m */ = {isa = PBXFileReference; lastKnownFileType = sourcecode.c.objc; path = AppDelegate.m; sourceTree = "<group>"; };
		3CFCC5A41B6154BC0048956C /* MasterViewController.h */ = {isa = PBXFileReference; lastKnownFileType = sourcecode.c.h; path = MasterViewController.h; sourceTree = "<group>"; };
		3CFCC5A51B6154BC0048956C /* MasterViewController.m */ = {isa = PBXFileReference; lastKnownFileType = sourcecode.c.objc; path = MasterViewController.m; sourceTree = "<group>"; };
		3CFCC5A71B6154BC0048956C /* DetailViewController.h */ = {isa = PBXFileReference; lastKnownFileType = sourcecode.c.h; path = DetailViewController.h; sourceTree = "<group>"; };
		3CFCC5A81B6154BC0048956C /* DetailViewController.m */ = {isa = PBXFileReference; lastKnownFileType = sourcecode.c.objc; path = DetailViewController.m; sourceTree = "<group>"; };
		3CFCC5AB1B6154BC0048956C /* Base */ = {isa = PBXFileReference; lastKnownFileType = file.storyboard; name = Base; path = Base.lproj/Main.storyboard; sourceTree = "<group>"; };
		3CFCC5AD1B6154BC0048956C /* Images.xcassets */ = {isa = PBXFileReference; lastKnownFileType = folder.assetcatalog; path = Images.xcassets; sourceTree = "<group>"; };
		3CFCC5B01B6154BC0048956C /* Base */ = {isa = PBXFileReference; lastKnownFileType = file.xib; name = Base; path = Base.lproj/LaunchScreen.xib; sourceTree = "<group>"; };
		3CFCC5B61B6154BC0048956C /* BlogReaderTests.xctest */ = {isa = PBXFileReference; explicitFileType = wrapper.cfbundle; includeInIndex = 0; path = BlogReaderTests.xctest; sourceTree = BUILT_PRODUCTS_DIR; };
		3CFCC5BB1B6154BC0048956C /* Info.plist */ = {isa = PBXFileReference; lastKnownFileType = text.plist.xml; path = Info.plist; sourceTree = "<group>"; };
		3CFCC5BC1B6154BC0048956C /* BlogReaderTests.m */ = {isa = PBXFileReference; lastKnownFileType = sourcecode.c.objc; path = BlogReaderTests.m; sourceTree = "<group>"; };
/* End PBXFileReference section */

/* Begin PBXFrameworksBuildPhase section */
		3CFCC5971B6154BC0048956C /* Frameworks */ = {
			isa = PBXFrameworksBuildPhase;
			buildActionMask = 2147483647;
			files = (
			);
			runOnlyForDeploymentPostprocessing = 0;
		};
		3CFCC5B31B6154BC0048956C /* Frameworks */ = {
			isa = PBXFrameworksBuildPhase;
			buildActionMask = 2147483647;
			files = (
			);
			runOnlyForDeploymentPostprocessing = 0;
		};
/* End PBXFrameworksBuildPhase section */

/* Begin PBXGroup section */
		3CFCC5911B6154BC0048956C = {
			isa = PBXGroup;
			children = (
				3CFCC59C1B6154BC0048956C /* BlogReader */,
				3CFCC5B91B6154BC0048956C /* BlogReaderTests */,
				3CFCC59B1B6154BC0048956C /* Products */,
			);
			sourceTree = "<group>";
		};
		3CFCC59B1B6154BC0048956C /* Products */ = {
			isa = PBXGroup;
			children = (
				3CFCC59A1B6154BC0048956C /* BlogReader.app */,
				3CFCC5B61B6154BC0048956C /* BlogReaderTests.xctest */,
			);
			name = Products;
			sourceTree = "<group>";
		};
		3CFCC59C1B6154BC0048956C /* BlogReader */ = {
			isa = PBXGroup;
			children = (
				3CFCC5A11B6154BC0048956C /* AppDelegate.h */,
				3CFCC5A21B6154BC0048956C /* AppDelegate.m */,
				3CFCC5A41B6154BC0048956C /* MasterViewController.h */,
				3CFCC5A51B6154BC0048956C /* MasterViewController.m */,
				3CFCC5A71B6154BC0048956C /* DetailViewController.h */,
				3CFCC5A81B6154BC0048956C /* DetailViewController.m */,
				3CFCC5AA1B6154BC0048956C /* Main.storyboard */,
				3CFCC5AD1B6154BC0048956C /* Images.xcassets */,
				3CFCC5AF1B6154BC0048956C /* LaunchScreen.xib */,
				3CFCC59D1B6154BC0048956C /* Supporting Files */,
			);
			path = BlogReader;
			sourceTree = "<group>";
		};
		3CFCC59D1B6154BC0048956C /* Supporting Files */ = {
			isa = PBXGroup;
			children = (
				3CFCC59E1B6154BC0048956C /* Info.plist */,
				3CFCC59F1B6154BC0048956C /* main.m */,
			);
			name = "Supporting Files";
			sourceTree = "<group>";
		};
		3CFCC5B91B6154BC0048956C /* BlogReaderTests */ = {
			isa = PBXGroup;
			children = (
				3CFCC5BC1B6154BC0048956C /* BlogReaderTests.m */,
				3CFCC5BA1B6154BC0048956C /* Supporting Files */,
			);
			path = BlogReaderTests;
			sourceTree = "<group>";
		};
		3CFCC5BA1B6154BC0048956C /* Supporting Files */ = {
			isa = PBXGroup;
			children = (
				3CFCC5BB1B6154BC0048956C /* Info.plist */,
			);
			name = "Supporting Files";
			sourceTree = "<group>";
		};
/* End PBXGroup section */

/* Begin PBXNativeTarget section */
		3CFCC5991B6154BC0048956C /* BlogReader */ = {
			isa = PBXNativeTarget;
			buildConfigurationList = 3CFCC5C01B6154BC0048956C /* Build configuration list for PBXNativeTarget "BlogReader" */;
			buildPhases = (
				3CFCC5961B6154BC0048956C /* Sources */,
				3CFCC5971B6154BC0048956C /* Frameworks */,
				3CFCC5981B6154BC0048956C /* Resources */,
			);
			buildRules = (
			);
			dependencies = (
			);
			name = BlogReader;
			productName = BlogReader;
			productReference = 3CFCC59A1B6154BC0048956C /* BlogReader.app */;
			productType = "com.apple.product-type.application";
		};
		3CFCC5B51B6154BC0048956C /* BlogReaderTests */ = {
			isa = PBXNativeTarget;
			buildConfigurationList = 3CFCC5C31B6154BC0048956C /* Build configuration list for PBXNativeTarget "BlogReaderTests" */;
			buildPhases = (
				3CFCC5B21B6154BC0048956C /* Sources */,
				3CFCC5B31B6154BC0048956C /* Frameworks */,
				3CFCC5B41B6154BC0048956C /* Resources */,
			);
			buildRules = (
			);
			dependencies = (
				3CFCC5B81B6154BC0048956C /* PBXTargetDependency */,
			);
			name = BlogReaderTests;
			productName = BlogReaderTests;
			productReference = 3CFCC5B61B6154BC0048956C /* BlogReaderTests.xctest */;
			productType = "com.apple.product-type.bundle.unit-test";
		};
/* End PBXNativeTarget section */

/* Begin PBXProject section */
		3CFCC5921B6154BC0048956C /* Project object */ = {
			isa = PBXProject;
			attributes = {
				LastUpgradeCheck = 0640;
				ORGANIZATIONNAME = "Dean Laurea";
				TargetAttributes = {
					3CFCC5991B6154BC0048956C = {
						CreatedOnToolsVersion = 6.4;
					};
					3CFCC5B51B6154BC0048956C = {
						CreatedOnToolsVersion = 6.4;
						TestTargetID = 3CFCC5991B6154BC0048956C;
					};
				};
			};
			buildConfigurationList = 3CFCC5951B6154BC0048956C /* Build configuration list for PBXProject "BlogReader" */;
			compatibilityVersion = "Xcode 3.2";
			developmentRegion = English;
			hasScannedForEncodings = 0;
			knownRegions = (
				en,
				Base,
			);
			mainGroup = 3CFCC5911B6154BC0048956C;
			productRefGroup = 3CFCC59B1B6154BC0048956C /* Products */;
			projectDirPath = "";
			projectRoot = "";
			targets = (
				3CFCC5991B6154BC0048956C /* BlogReader */,
				3CFCC5B51B6154BC0048956C /* BlogReaderTests */,
			);
		};
/* End PBXProject section */

/* Begin PBXResourcesBuildPhase section */
		3CFCC5981B6154BC0048956C /* Resources */ = {
			isa = PBXResourcesBuildPhase;
			buildActionMask = 2147483647;
			files = (
				3CFCC5AC1B6154BC0048956C /* Main.storyboard in Resources */,
				3CFCC5B11B6154BC0048956C /* LaunchScreen.xib in Resources */,
				3CFCC5AE1B6154BC0048956C /* Images.xcassets in Resources */,
			);
			runOnlyForDeploymentPostprocessing = 0;
		};
		3CFCC5B41B6154BC0048956C /* Resources */ = {
			isa = PBXResourcesBuildPhase;
			buildActionMask = 2147483647;
			files = (
			);
			runOnlyForDeploymentPostprocessing = 0;
		};
/* End PBXResourcesBuildPhase section */

/* Begin PBXSourcesBuildPhase section */
		3CFCC5961B6154BC0048956C /* Sources */ = {
			isa = PBXSourcesBuildPhase;
			buildActionMask = 2147483647;
			files = (
				3CFCC5A31B6154BC0048956C /* AppDelegate.m in Sources */,
				3CFCC5A61B6154BC0048956C /* MasterViewController.m in Sources */,
				3CFCC5A01B6154BC0048956C /* main.m in Sources */,
				3CFCC5A91B6154BC0048956C /* DetailViewController.m in Sources */,
			);
			runOnlyForDeploymentPostprocessing = 0;
		};
		3CFCC5B21B6154BC0048956C /* Sources */ = {
			isa = PBXSourcesBuildPhase;
			buildActionMask = 2147483647;
			files = (
				3CFCC5BD1B6154BC0048956C /* BlogReaderTests.m in Sources */,
			);
			runOnlyForDeploymentPostprocessing = 0;
		};
/* End PBXSourcesBuildPhase section */

/* Begin PBXTargetDependency section */
		3CFCC5B81B6154BC0048956C /* PBXTargetDependency */ = {
			isa = PBXTargetDependency;
			target = 3CFCC5991B6154BC0048956C /* BlogReader */;
			targetProxy = 3CFCC5B71B6154BC0048956C /* PBXContainerItemProxy */;
		};
/* End PBXTargetDependency section */

/* Begin PBXVariantGroup section */
		3CFCC5AA1B6154BC0048956C /* Main.storyboard */ = {
			isa = PBXVariantGroup;
			children = (
				3CFCC5AB1B6154BC0048956C /* Base */,
			);
			name = Main.storyboard;
			sourceTree = "<group>";
		};
		3CFCC5AF1B6154BC0048956C /* LaunchScreen.xib */ = {
			isa = PBXVariantGroup;
			children = (
				3CFCC5B01B6154BC0048956C /* Base */,
			);
			name = LaunchScreen.xib;
			sourceTree = "<group>";
		};
/* End PBXVariantGroup section */

/* Begin XCBuildConfiguration section */
		3CFCC5BE1B6154BC0048956C /* Debug */ = {
			isa = XCBuildConfiguration;
			buildSettings = {
				ALWAYS_SEARCH_USER_PATHS = NO;
				CLANG_CXX_LANGUAGE_STANDARD = "gnu++0x";
				CLANG_CXX_LIBRARY = "libc++";
				CLANG_ENABLE_MODULES = YES;
				CLANG_ENABLE_OBJC_ARC = YES;
				CLANG_WARN_BOOL_CONVERSION = YES;
				CLANG_WARN_CONSTANT_CONVERSION = YES;
				CLANG_WARN_DIRECT_OBJC_ISA_USAGE = YES_ERROR;
				CLANG_WARN_EMPTY_BODY = YES;
				CLANG_WARN_ENUM_CONVERSION = YES;
				CLANG_WARN_INT_CONVERSION = YES;
				CLANG_WARN_OBJC_ROOT_CLASS = YES_ERROR;
				CLANG_WARN_UNREACHABLE_CODE = YES;
				CLANG_WARN__DUPLICATE_METHOD_MATCH = YES;
				"CODE_SIGN_IDENTITY[sdk=iphoneos*]" = "iPhone Developer";
				COPY_PHASE_STRIP = NO;
				DEBUG_INFORMATION_FORMAT = "dwarf-with-dsym";
				ENABLE_STRICT_OBJC_MSGSEND = YES;
				GCC_C_LANGUAGE_STANDARD = gnu99;
				GCC_DYNAMIC_NO_PIC = NO;
				GCC_NO_COMMON_BLOCKS = YES;
				GCC_OPTIMIZATION_LEVEL = 0;
				GCC_PREPROCESSOR_DEFINITIONS = (
					"DEBUG=1",
					"$(inherited)",
				);
				GCC_SYMBOLS_PRIVATE_EXTERN = NO;
				GCC_WARN_64_TO_32_BIT_CONVERSION = YES;
				GCC_WARN_ABOUT_RETURN_TYPE = YES_ERROR;
				GCC_WARN_UNDECLARED_SELECTOR = YES;
				GCC_WARN_UNINITIALIZED_AUTOS = YES_AGGRESSIVE;
				GCC_WARN_UNUSED_FUNCTION = YES;
				GCC_WARN_UNUSED_VARIABLE = YES;
				IPHONEOS_DEPLOYMENT_TARGET = 8.4;
				MTL_ENABLE_DEBUG_INFO = YES;
				ONLY_ACTIVE_ARCH = YES;
				SDKROOT = iphoneos;
			};
			name = Debug;
		};
		3CFCC5BF1B6154BC0048956C /* Release */ = {
			isa = XCBuildConfiguration;
			buildSettings = {
				ALWAYS_SEARCH_USER_PATHS = NO;
				CLANG_CXX_LANGUAGE_STANDARD = "gnu++0x";
				CLANG_CXX_LIBRARY = "libc++";
				CLANG_ENABLE_MODULES = YES;
				CLANG_ENABLE_OBJC_ARC = YES;
				CLANG_WARN_BOOL_CONVERSION = YES;
				CLANG_WARN_CONSTANT_CONVERSION = YES;
				CLANG_WARN_DIRECT_OBJC_ISA_USAGE = YES_ERROR;
				CLANG_WARN_EMPTY_BODY = YES;
				CLANG_WARN_ENUM_CONVERSION = YES;
				CLANG_WARN_INT_CONVERSION = YES;
				CLANG_WARN_OBJC_ROOT_CLASS = YES_ERROR;
				CLANG_WARN_UNREACHABLE_CODE = YES;
				CLANG_WARN__DUPLICATE_METHOD_MATCH = YES;
				"CODE_SIGN_IDENTITY[sdk=iphoneos*]" = "iPhone Developer";
				COPY_PHASE_STRIP = NO;
				DEBUG_INFORMATION_FORMAT = "dwarf-with-dsym";
				ENABLE_NS_ASSERTIONS = NO;
				ENABLE_STRICT_OBJC_MSGSEND = YES;
				GCC_C_LANGUAGE_STANDARD = gnu99;
				GCC_NO_COMMON_BLOCKS = YES;
				GCC_WARN_64_TO_32_BIT_CONVERSION = YES;
				GCC_WARN_ABOUT_RETURN_TYPE = YES_ERROR;
				GCC_WARN_UNDECLARED_SELECTOR = YES;
				GCC_WARN_UNINITIALIZED_AUTOS = YES_AGGRESSIVE;
				GCC_WARN_UNUSED_FUNCTION = YES;
				GCC_WARN_UNUSED_VARIABLE = YES;
				IPHONEOS_DEPLOYMENT_TARGET = 8.4;
				MTL_ENABLE_DEBUG_INFO = NO;
				SDKROOT = iphoneos;
				VALIDATE_PRODUCT = YES;
			};
			name = Release;
		};
		3CFCC5C11B6154BC0048956C /* Debug */ = {
			isa = XCBuildConfiguration;
			buildSettings = {
				ASSETCATALOG_COMPILER_APPICON_NAME = AppIcon;
				INFOPLIST_FILE = BlogReader/Info.plist;
				LD_RUNPATH_SEARCH_PATHS = "$(inherited) @executable_path/Frameworks";
				PRODUCT_NAME = "$(TARGET_NAME)";
			};
			name = Debug;
		};
		3CFCC5C21B6154BC0048956C /* Release */ = {
			isa = XCBuildConfiguration;
			buildSettings = {
				ASSETCATALOG_COMPILER_APPICON_NAME = AppIcon;
				INFOPLIST_FILE = BlogReader/Info.plist;
				LD_RUNPATH_SEARCH_PATHS = "$(inherited) @executable_path/Frameworks";
				PRODUCT_NAME = "$(TARGET_NAME)";
			};
			name = Release;
		};
		3CFCC5C41B6154BC0048956C /* Debug */ = {
			isa = XCBuildConfiguration;
			buildSettings = {
				BUNDLE_LOADER = "$(TEST_HOST)";
				FRAMEWORK_SEARCH_PATHS = (
					"$(SDKROOT)/Developer/Library/Frameworks",
					"$(inherited)",
				);
				GCC_PREPROCESSOR_DEFINITIONS = (
					"DEBUG=1",
					"$(inherited)",
				);
				INFOPLIST_FILE = BlogReaderTests/Info.plist;
				LD_RUNPATH_SEARCH_PATHS = "$(inherited) @executable_path/Frameworks @loader_path/Frameworks";
				PRODUCT_NAME = "$(TARGET_NAME)";
				TEST_HOST = "$(BUILT_PRODUCTS_DIR)/BlogReader.app/BlogReader";
			};
			name = Debug;
		};
		3CFCC5C51B6154BC0048956C /* Release */ = {
			isa = XCBuildConfiguration;
			buildSettings = {
				BUNDLE_LOADER = "$(TEST_HOST)";
				FRAMEWORK_SEARCH_PATHS = (
					"$(SDKROOT)/Developer/Library/Frameworks",
					"$(inherited)",
				);
				INFOPLIST_FILE = BlogReaderTests/Info.plist;
				LD_RUNPATH_SEARCH_PATHS = "$(inherited) @executable_path/Frameworks @loader_path/Frameworks";
				PRODUCT_NAME = "$(TARGET_NAME)";
				TEST_HOST = "$(BUILT_PRODUCTS_DIR)/BlogReader.app/BlogReader";
			};
			name = Release;
		};
/* End XCBuildConfiguration section */

/* Begin XCConfigurationList section */
		3CFCC5951B6154BC0048956C /* Build configuration list for PBXProject "BlogReader" */ = {
			isa = XCConfigurationList;
			buildConfigurations = (
				3CFCC5BE1B6154BC0048956C /* Debug */,
				3CFCC5BF1B6154BC0048956C /* Release */,
			);
			defaultConfigurationIsVisible = 0;
			defaultConfigurationName = Release;
		};
		3CFCC5C01B6154BC0048956C /* Build configuration list for PBXNativeTarget "BlogReader" */ = {
			isa = XCConfigurationList;
			buildConfigurations = (
				3CFCC5C11B6154BC0048956C /* Debug */,
				3CFCC5C21B6154BC0048956C /* Release */,
			);
			defaultConfigurationIsVisible = 0;
		};
		3CFCC5C31B6154BC0048956C /* Build configuration list for PBXNativeTarget "BlogReaderTests" */ = {
			isa = XCConfigurationList;
			buildConfigurations = (
				3CFCC5C41B6154BC0048956C /* Debug */,
				3CFCC5C51B6154BC0048956C /* Release */,
			);
			defaultConfigurationIsVisible = 0;
		};
/* End XCConfigurationList section */
	};
	rootObject = 3CFCC5921B6154BC0048956C /* Project object */;
}
